
Microsoft Visual Studio Solution File, Format Version 12.00
# Visual Studio 15
VisualStudioVersion = 15.0.28307.757
MinimumVisualStudioVersion = 10.0.40219.1
Project("{FAE04EC0-301F-11D3-BF4B-00C04F79EFBC}") = "PolymorphismLab", "PolymorphismLab\PolymorphismLab.csproj", "{E9F03647-F3BE-4893-A296-173F3E0C6314}"
EndProject
Global
	GlobalSection(SolutionConfigurationPlatforms) = preSolution
		Debug|Any CPU = Debug|Any CPU
		Release|Any CPU = Release|Any CPU
	EndGlobalSection
	GlobalSection(ProjectConfigurationPlatforms) = postSolution
		{E9F03647-F3BE-4893-A296-173F3E0C6314}.Debug|Any CPU.ActiveCfg = Debug|Any CPU
		{E9F03647-F3BE-4893-A296-173F3E0C6314}.Debug|Any CPU.Build.0 = Debug|Any CPU
		{E9F03647-F3BE-4893-A296-173F3E0C6314}.Release|Any CPU.ActiveCfg = Release|Any CPU
		{E9F03647-F3BE-4893-A296-173F3E0C6314}.Release|Any CPU.Build.0 = Release|Any CPU
	EndGlobalSection
	GlobalSection(SolutionProperties) = preSolution
		HideSolutionNode = FALSE
	EndGlobalSection
	GlobalSection(ExtensibilityGlobals) = postSolution
		SolutionGuid = {05DC03F5-4FE2-4566-92D6-61F69B9F3FCF}
	EndGlobalSection
EndGlobal
